// !$*UTF8*$!
{
	archiveVersion = 1;
	classes = {
	};
	objectVersion = 46;
	objects = {

/* Begin PBXBuildFile section */
		4EC8FBD31BB4F6AC000B217A /* main.m in Sources */ = {isa = PBXBuildFile; fileRef = 4EC8FBD21BB4F6AC000B217A /* main.m */; };
		4EC8FBD61BB4F6AC000B217A /* AppDelegate.m in Sources */ = {isa = PBXBuildFile; fileRef = 4EC8FBD51BB4F6AC000B217A /* AppDelegate.m */; };
		4EC8FBDE1BB4F6AC000B217A /* Images.xcassets in Resources */ = {isa = PBXBuildFile; fileRef = 4EC8FBDD1BB4F6AC000B217A /* Images.xcassets */; };
		4EC8FBE11BB4F6AC000B217A /* LaunchScreen.xib in Resources */ = {isa = PBXBuildFile; fileRef = 4EC8FBDF1BB4F6AC000B217A /* LaunchScreen.xib */; };
		4EC8FBED1BB4F6AC000B217A /* ___TabBarTests.m in Sources */ = {isa = PBXBuildFile; fileRef = 4EC8FBEC1BB4F6AC000B217A /* ___TabBarTests.m */; };
		4EC8FBF81BB4F6CA000B217A /* ViewController1.m in Sources */ = {isa = PBXBuildFile; fileRef = 4EC8FBF71BB4F6CA000B217A /* ViewController1.m */; };
		4EC8FBFB1BB4F6CF000B217A /* ViewController2.m in Sources */ = {isa = PBXBuildFile; fileRef = 4EC8FBFA1BB4F6CF000B217A /* ViewController2.m */; };
		4EC8FBFE1BB4F6D3000B217A /* ViewController3.m in Sources */ = {isa = PBXBuildFile; fileRef = 4EC8FBFD1BB4F6D3000B217A /* ViewController3.m */; };
		4EC8FC011BB4F6D8000B217A /* ViewController4.m in Sources */ = {isa = PBXBuildFile; fileRef = 4EC8FC001BB4F6D8000B217A /* ViewController4.m */; };
		4EC8FC041BB4F6F1000B217A /* MyTabBarViewController.m in Sources */ = {isa = PBXBuildFile; fileRef = 4EC8FC031BB4F6F1000B217A /* MyTabBarViewController.m */; };
		4EC8FC0E1BB4F72E000B217A /* 发现-A.png in Resources */ = {isa = PBXBuildFile; fileRef = 4EC8FC061BB4F72E000B217A /* 发现-A.png */; };
		4EC8FC0F1BB4F72E000B217A /* 发现-B.png in Resources */ = {isa = PBXBuildFile; fileRef = 4EC8FC071BB4F72E000B217A /* 发现-B.png */; };
		4EC8FC101BB4F72E000B217A /* 广场-A.png in Resources */ = {isa = PBXBuildFile; fileRef = 4EC8FC081BB4F72E000B217A /* 广场-A.png */; };
		4EC8FC111BB4F72E000B217A /* 广场-B.png in Resources */ = {isa = PBXBuildFile; fileRef = 4EC8FC091BB4F72E000B217A /* 广场-B.png */; };
		4EC8FC121BB4F72E000B217A /* 我的-A.png in Resources */ = {isa = PBXBuildFile; fileRef = 4EC8FC0A1BB4F72E000B217A /* 我的-A.png */; };
		4EC8FC131BB4F72E000B217A /* 我的-B.png in Resources */ = {isa = PBXBuildFile; fileRef = 4EC8FC0B1BB4F72E000B217A /* 我的-B.png */; };
		4EC8FC141BB4F72E000B217A /* 菜谱-A.png in Resources */ = {isa = PBXBuildFile; fileRef = 4EC8FC0C1BB4F72E000B217A /* 菜谱-A.png */; };
		4EC8FC151BB4F72E000B217A /* 菜谱-B.png in Resources */ = {isa = PBXBuildFile; fileRef = 4EC8FC0D1BB4F72E000B217A /* 菜谱-B.png */; };
/* End PBXBuildFile section */

/* Begin PBXContainerItemProxy section */
		4EC8FBE71BB4F6AC000B217A /* PBXContainerItemProxy */ = {
			isa = PBXContainerItemProxy;
			containerPortal = 4EC8FBC51BB4F6AC000B217A /* Project object */;
			proxyType = 1;
			remoteGlobalIDString = 4EC8FBCC1BB4F6AC000B217A;
			remoteInfo = "自定义TabBar";
		};
/* End PBXContainerItemProxy section */

/* Begin PBXFileReference section */
		4EC8FBCD1BB4F6AC000B217A /* 自定义TabBar.app */ = {isa = PBXFileReference; explicitFileType = wrapper.application; includeInIndex = 0; path = "自定义TabBar.app"; sourceTree = BUILT_PRODUCTS_DIR; };
		4EC8FBD11BB4F6AC000B217A /* Info.plist */ = {isa = PBXFileReference; lastKnownFileType = text.plist.xml; path = Info.plist; sourceTree = "<group>"; };
		4EC8FBD21BB4F6AC000B217A /* main.m */ = {isa = PBXFileReference; lastKnownFileType = sourcecode.c.objc; path = main.m; sourceTree = "<group>"; };
		4EC8FBD41BB4F6AC000B217A /* AppDelegate.h */ = {isa = PBXFileReference; lastKnownFileType = sourcecode.c.h; path = AppDelegate.h; sourceTree = "<group>"; };
		4EC8FBD51BB4F6AC000B217A /* AppDelegate.m */ = {isa = PBXFileReference; lastKnownFileType = sourcecode.c.objc; path = AppDelegate.m; sourceTree = "<group>"; };
		4EC8FBDD1BB4F6AC000B217A /* Images.xcassets */ = {isa = PBXFileReference; lastKnownFileType = folder.assetcatalog; path = Images.xcassets; sourceTree = "<group>"; };
		4EC8FBE01BB4F6AC000B217A /* Base */ = {isa = PBXFileReference; lastKnownFileType = file.xib; name = Base; path = Base.lproj/LaunchScreen.xib; sourceTree = "<group>"; };
		4EC8FBE61BB4F6AC000B217A /* 自定义TabBarTests.xctest */ = {isa = PBXFileReference; explicitFileType = wrapper.cfbundle; includeInIndex = 0; path = "自定义TabBarTests.xctest"; sourceTree = BUILT_PRODUCTS_DIR; };
		4EC8FBEB1BB4F6AC000B217A /* Info.plist */ = {isa = PBXFileReference; lastKnownFileType = text.plist.xml; path = Info.plist; sourceTree = "<group>"; };
		4EC8FBEC1BB4F6AC000B217A /* ___TabBarTests.m */ = {isa = PBXFileReference; lastKnownFileType = sourcecode.c.objc; path = "___TabBarTests.m"; sourceTree = "<group>"; };
		4EC8FBF61BB4F6CA000B217A /* ViewController1.h */ = {isa = PBXFileReference; fileEncoding = 4; lastKnownFileType = sourcecode.c.h; path = ViewController1.h; sourceTree = "<group>"; };
		4EC8FBF71BB4F6CA000B217A /* ViewController1.m */ = {isa = PBXFileReference; fileEncoding = 4; lastKnownFileType = sourcecode.c.objc; path = ViewController1.m; sourceTree = "<group>"; };
		4EC8FBF91BB4F6CF000B217A /* ViewController2.h */ = {isa = PBXFileReference; fileEncoding = 4; lastKnownFileType = sourcecode.c.h; path = ViewController2.h; sourceTree = "<group>"; };
		4EC8FBFA1BB4F6CF000B217A /* ViewController2.m */ = {isa = PBXFileReference; fileEncoding = 4; lastKnownFileType = sourcecode.c.objc; path = ViewController2.m; sourceTree = "<group>"; };
		4EC8FBFC1BB4F6D3000B217A /* ViewController3.h */ = {isa = PBXFileReference; fileEncoding = 4; lastKnownFileType = sourcecode.c.h; path = ViewController3.h; sourceTree = "<group>"; };
		4EC8FBFD1BB4F6D3000B217A /* ViewController3.m */ = {isa = PBXFileReference; fileEncoding = 4; lastKnownFileType = sourcecode.c.objc; path = ViewController3.m; sourceTree = "<group>"; };
		4EC8FBFF1BB4F6D8000B217A /* ViewController4.h */ = {isa = PBXFileReference; fileEncoding = 4; lastKnownFileType = sourcecode.c.h; path = ViewController4.h; sourceTree = "<group>"; };
		4EC8FC001BB4F6D8000B217A /* ViewController4.m */ = {isa = PBXFileReference; fileEncoding = 4; lastKnownFileType = sourcecode.c.objc; path = ViewController4.m; sourceTree = "<group>"; };
		4EC8FC021BB4F6F1000B217A /* MyTabBarViewController.h */ = {isa = PBXFileReference; fileEncoding = 4; lastKnownFileType = sourcecode.c.h; path = MyTabBarViewController.h; sourceTree = "<group>"; };
		4EC8FC031BB4F6F1000B217A /* MyTabBarViewController.m */ = {isa = PBXFileReference; fileEncoding = 4; lastKnownFileType = sourcecode.c.objc; path = MyTabBarViewController.m; sourceTree = "<group>"; };
		4EC8FC061BB4F72E000B217A /* 发现-A.png */ = {isa = PBXFileReference; lastKnownFileType = image.png; path = "发现-A.png"; sourceTree = "<group>"; };
		4EC8FC071BB4F72E000B217A /* 发现-B.png */ = {isa = PBXFileReference; lastKnownFileType = image.png; path = "发现-B.png"; sourceTree = "<group>"; };
		4EC8FC081BB4F72E000B217A /* 广场-A.png */ = {isa = PBXFileReference; lastKnownFileType = image.png; path = "广场-A.png"; sourceTree = "<group>"; };
		4EC8FC091BB4F72E000B217A /* 广场-B.png */ = {isa = PBXFileReference; lastKnownFileType = image.png; path = "广场-B.png"; sourceTree = "<group>"; };
		4EC8FC0A1BB4F72E000B217A /* 我的-A.png */ = {isa = PBXFileReference; lastKnownFileType = image.png; path = "我的-A.png"; sourceTree = "<group>"; };
		4EC8FC0B1BB4F72E000B217A /* 我的-B.png */ = {isa = PBXFileReference; lastKnownFileType = image.png; path = "我的-B.png"; sourceTree = "<group>"; };
		4EC8FC0C1BB4F72E000B217A /* 菜谱-A.png */ = {isa = PBXFileReference; lastKnownFileType = image.png; path = "菜谱-A.png"; sourceTree = "<group>"; };
		4EC8FC0D1BB4F72E000B217A /* 菜谱-B.png */ = {isa = PBXFileReference; lastKnownFileType = image.png; path = "菜谱-B.png"; sourceTree = "<group>"; };
/* End PBXFileReference section */

/* Begin PBXFrameworksBuildPhase section */
		4EC8FBCA1BB4F6AC000B217A /* Frameworks */ = {
			isa = PBXFrameworksBuildPhase;
			buildActionMask = 2147483647;
			files = (
			);
			runOnlyForDeploymentPostprocessing = 0;
		};
		4EC8FBE31BB4F6AC000B217A /* Frameworks */ = {
			isa = PBXFrameworksBuildPhase;
			buildActionMask = 2147483647;
			files = (
			);
			runOnlyForDeploymentPostprocessing = 0;
		};
/* End PBXFrameworksBuildPhase section */

/* Begin PBXGroup section */
		4EC8FBC41BB4F6AC000B217A = {
			isa = PBXGroup;
			children = (
				4EC8FBCF1BB4F6AC000B217A /* 自定义TabBar */,
				4EC8FBE91BB4F6AC000B217A /* 自定义TabBarTests */,
				4EC8FBCE1BB4F6AC000B217A /* Products */,
			);
			sourceTree = "<group>";
		};
		4EC8FBCE1BB4F6AC000B217A /* Products */ = {
			isa = PBXGroup;
			children = (
				4EC8FBCD1BB4F6AC000B217A /* 自定义TabBar.app */,
				4EC8FBE61BB4F6AC000B217A /* 自定义TabBarTests.xctest */,
			);
			name = Products;
			sourceTree = "<group>";
		};
		4EC8FBCF1BB4F6AC000B217A /* 自定义TabBar */ = {
			isa = PBXGroup;
			children = (
				4EC8FBD41BB4F6AC000B217A /* AppDelegate.h */,
				4EC8FBD51BB4F6AC000B217A /* AppDelegate.m */,
				4EC8FC021BB4F6F1000B217A /* MyTabBarViewController.h */,
				4EC8FC031BB4F6F1000B217A /* MyTabBarViewController.m */,
				4EC8FBF61BB4F6CA000B217A /* ViewController1.h */,
				4EC8FBF71BB4F6CA000B217A /* ViewController1.m */,
				4EC8FBFC1BB4F6D3000B217A /* ViewController3.h */,
				4EC8FBFD1BB4F6D3000B217A /* ViewController3.m */,
				4EC8FBF91BB4F6CF000B217A /* ViewController2.h */,
				4EC8FBFA1BB4F6CF000B217A /* ViewController2.m */,
				4EC8FBFF1BB4F6D8000B217A /* ViewController4.h */,
				4EC8FC001BB4F6D8000B217A /* ViewController4.m */,
				4EC8FC051BB4F72E000B217A /* TabBarIcon */,
				4EC8FBDD1BB4F6AC000B217A /* Images.xcassets */,
				4EC8FBDF1BB4F6AC000B217A /* LaunchScreen.xib */,
				4EC8FBD01BB4F6AC000B217A /* Supporting Files */,
			);
			path = "自定义TabBar";
			sourceTree = "<group>";
		};
		4EC8FBD01BB4F6AC000B217A /* Supporting Files */ = {
			isa = PBXGroup;
			children = (
				4EC8FBD11BB4F6AC000B217A /* Info.plist */,
				4EC8FBD21BB4F6AC000B217A /* main.m */,
			);
			name = "Supporting Files";
			sourceTree = "<group>";
		};
		4EC8FBE91BB4F6AC000B217A /* 自定义TabBarTests */ = {
			isa = PBXGroup;
			children = (
				4EC8FBEC1BB4F6AC000B217A /* ___TabBarTests.m */,
				4EC8FBEA1BB4F6AC000B217A /* Supporting Files */,
			);
			path = "自定义TabBarTests";
			sourceTree = "<group>";
		};
		4EC8FBEA1BB4F6AC000B217A /* Supporting Files */ = {
			isa = PBXGroup;
			children = (
				4EC8FBEB1BB4F6AC000B217A /* Info.plist */,
			);
			name = "Supporting Files";
			sourceTree = "<group>";
		};
		4EC8FC051BB4F72E000B217A /* TabBarIcon */ = {
			isa = PBXGroup;
			children = (
				4EC8FC061BB4F72E000B217A /* 发现-A.png */,
				4EC8FC071BB4F72E000B217A /* 发现-B.png */,
				4EC8FC081BB4F72E000B217A /* 广场-A.png */,
				4EC8FC091BB4F72E000B217A /* 广场-B.png */,
				4EC8FC0A1BB4F72E000B217A /* 我的-A.png */,
				4EC8FC0B1BB4F72E000B217A /* 我的-B.png */,
				4EC8FC0C1BB4F72E000B217A /* 菜谱-A.png */,
				4EC8FC0D1BB4F72E000B217A /* 菜谱-B.png */,
			);
			path = TabBarIcon;
			sourceTree = "<group>";
		};
/* End PBXGroup section */

/* Begin PBXNativeTarget section */
		4EC8FBCC1BB4F6AC000B217A /* 自定义TabBar */ = {
			isa = PBXNativeTarget;
			buildConfigurationList = 4EC8FBF01BB4F6AC000B217A /* Build configuration list for PBXNativeTarget "自定义TabBar" */;
			buildPhases = (
				4EC8FBC91BB4F6AC000B217A /* Sources */,
				4EC8FBCA1BB4F6AC000B217A /* Frameworks */,
				4EC8FBCB1BB4F6AC000B217A /* Resources */,
			);
			buildRules = (
			);
			dependencies = (
			);
			name = "自定义TabBar";
			productName = "自定义TabBar";
			productReference = 4EC8FBCD1BB4F6AC000B217A /* 自定义TabBar.app */;
			productType = "com.apple.product-type.application";
		};
		4EC8FBE51BB4F6AC000B217A /* 自定义TabBarTests */ = {
			isa = PBXNativeTarget;
			buildConfigurationList = 4EC8FBF31BB4F6AC000B217A /* Build configuration list for PBXNativeTarget "自定义TabBarTests" */;
			buildPhases = (
				4EC8FBE21BB4F6AC000B217A /* Sources */,
				4EC8FBE31BB4F6AC000B217A /* Frameworks */,
				4EC8FBE41BB4F6AC000B217A /* Resources */,
			);
			buildRules = (
			);
			dependencies = (
				4EC8FBE81BB4F6AC000B217A /* PBXTargetDependency */,
			);
			name = "自定义TabBarTests";
			productName = "自定义TabBarTests";
			productReference = 4EC8FBE61BB4F6AC000B217A /* 自定义TabBarTests.xctest */;
			productType = "com.apple.product-type.bundle.unit-test";
		};
/* End PBXNativeTarget section */

/* Begin PBXProject section */
		4EC8FBC51BB4F6AC000B217A /* Project object */ = {
			isa = PBXProject;
			attributes = {
				LastUpgradeCheck = 0610;
				ORGANIZATIONNAME = "栾高垒";
				TargetAttributes = {
					4EC8FBCC1BB4F6AC000B217A = {
						CreatedOnToolsVersion = 6.1;
					};
					4EC8FBE51BB4F6AC000B217A = {
						CreatedOnToolsVersion = 6.1;
						TestTargetID = 4EC8FBCC1BB4F6AC000B217A;
					};
				};
			};
			buildConfigurationList = 4EC8FBC81BB4F6AC000B217A /* Build configuration list for PBXProject "自定义TabBar" */;
			compatibilityVersion = "Xcode 3.2";
			developmentRegion = English;
			hasScannedForEncodings = 0;
			knownRegions = (
				en,
				Base,
			);
			mainGroup = 4EC8FBC41BB4F6AC000B217A;
			productRefGroup = 4EC8FBCE1BB4F6AC000B217A /* Products */;
			projectDirPath = "";
			projectRoot = "";
			targets = (
				4EC8FBCC1BB4F6AC000B217A /* 自定义TabBar */,
				4EC8FBE51BB4F6AC000B217A /* 自定义TabBarTests */,
			);
		};
/* End PBXProject section */

/* Begin PBXResourcesBuildPhase section */
		4EC8FBCB1BB4F6AC000B217A /* Resources */ = {
			isa = PBXResourcesBuildPhase;
			buildActionMask = 2147483647;
			files = (
				4EC8FBE11BB4F6AC000B217A /* LaunchScreen.xib in Resources */,
				4EC8FBDE1BB4F6AC000B217A /* Images.xcassets in Resources */,
				4EC8FC0E1BB4F72E000B217A /* 发现-A.png in Resources */,
				4EC8FC111BB4F72E000B217A /* 广场-B.png in Resources */,
				4EC8FC0F1BB4F72E000B217A /* 发现-B.png in Resources */,
				4EC8FC101BB4F72E000B217A /* 广场-A.png in Resources */,
				4EC8FC141BB4F72E000B217A /* 菜谱-A.png in Resources */,
				4EC8FC121BB4F72E000B217A /* 我的-A.png in Resources */,
				4EC8FC131BB4F72E000B217A /* 我的-B.png in Resources */,
				4EC8FC151BB4F72E000B217A /* 菜谱-B.png in Resources */,
			);
			runOnlyForDeploymentPostprocessing = 0;
		};
		4EC8FBE41BB4F6AC000B217A /* Resources */ = {
			isa = PBXResourcesBuildPhase;
			buildActionMask = 2147483647;
			files = (
			);
			runOnlyForDeploymentPostprocessing = 0;
		};
/* End PBXResourcesBuildPhase section */

/* Begin PBXSourcesBuildPhase section */
		4EC8FBC91BB4F6AC000B217A /* Sources */ = {
			isa = PBXSourcesBuildPhase;
			buildActionMask = 2147483647;
			files = (
				4EC8FC041BB4F6F1000B217A /* MyTabBarViewController.m in Sources */,
				4EC8FBD61BB4F6AC000B217A /* AppDelegate.m in Sources */,
				4EC8FBFB1BB4F6CF000B217A /* ViewController2.m in Sources */,
				4EC8FBD31BB4F6AC000B217A /* main.m in Sources */,
				4EC8FBF81BB4F6CA000B217A /* ViewController1.m in Sources */,
				4EC8FBFE1BB4F6D3000B217A /* ViewController3.m in Sources */,
				4EC8FC011BB4F6D8000B217A /* ViewController4.m in Sources */,
			);
			runOnlyForDeploymentPostprocessing = 0;
		};
		4EC8FBE21BB4F6AC000B217A /* Sources */ = {
			isa = PBXSourcesBuildPhase;
			buildActionMask = 2147483647;
			files = (
				4EC8FBED1BB4F6AC000B217A /* ___TabBarTests.m in Sources */,
			);
			runOnlyForDeploymentPostprocessing = 0;
		};
/* End PBXSourcesBuildPhase section */

/* Begin PBXTargetDependency section */
		4EC8FBE81BB4F6AC000B217A /* PBXTargetDependency */ = {
			isa = PBXTargetDependency;
			target = 4EC8FBCC1BB4F6AC000B217A /* 自定义TabBar */;
			targetProxy = 4EC8FBE71BB4F6AC000B217A /* PBXContainerItemProxy */;
		};
/* End PBXTargetDependency section */

/* Begin PBXVariantGroup section */
		4EC8FBDF1BB4F6AC000B217A /* LaunchScreen.xib */ = {
			isa = PBXVariantGroup;
			children = (
				4EC8FBE01BB4F6AC000B217A /* Base */,
			);
			name = LaunchScreen.xib;
			sourceTree = "<group>";
		};
/* End PBXVariantGroup section */

/* Begin XCBuildConfiguration section */
		4EC8FBEE1BB4F6AC000B217A /* Debug */ = {
			isa = XCBuildConfiguration;
			buildSettings = {
				ALWAYS_SEARCH_USER_PATHS = NO;
				CLANG_CXX_LANGUAGE_STANDARD = "gnu++0x";
				CLANG_CXX_LIBRARY = "libc++";
				CLANG_ENABLE_MODULES = YES;
				CLANG_ENABLE_OBJC_ARC = YES;
				CLANG_WARN_BOOL_CONVERSION = YES;
				CLANG_WARN_CONSTANT_CONVERSION = YES;
				CLANG_WARN_DIRECT_OBJC_ISA_USAGE = YES_ERROR;
				CLANG_WARN_EMPTY_BODY = YES;
				CLANG_WARN_ENUM_CONVERSION = YES;
				CLANG_WARN_INT_CONVERSION = YES;
				CLANG_WARN_OBJC_ROOT_CLASS = YES_ERROR;
				CLANG_WARN_UNREACHABLE_CODE = YES;
				CLANG_WARN__DUPLICATE_METHOD_MATCH = YES;
				"CODE_SIGN_IDENTITY[sdk=iphoneos*]" = "iPhone Developer";
				COPY_PHASE_STRIP = NO;
				ENABLE_STRICT_OBJC_MSGSEND = YES;
				GCC_C_LANGUAGE_STANDARD = gnu99;
				GCC_DYNAMIC_NO_PIC = NO;
				GCC_OPTIMIZATION_LEVEL = 0;
				GCC_PREPROCESSOR_DEFINITIONS = (
					"DEBUG=1",
					"$(inherited)",
				);
				GCC_SYMBOLS_PRIVATE_EXTERN = NO;
				GCC_WARN_64_TO_32_BIT_CONVERSION = YES;
				GCC_WARN_ABOUT_RETURN_TYPE = YES_ERROR;
				GCC_WARN_UNDECLARED_SELECTOR = YES;
				GCC_WARN_UNINITIALIZED_AUTOS = YES_AGGRESSIVE;
				GCC_WARN_UNUSED_FUNCTION = YES;
				GCC_WARN_UNUSED_VARIABLE = YES;
				IPHONEOS_DEPLOYMENT_TARGET = 8.1;
				MTL_ENABLE_DEBUG_INFO = YES;
				ONLY_ACTIVE_ARCH = YES;
				SDKROOT = iphoneos;
				TARGETED_DEVICE_FAMILY = "1,2";
			};
			name = Debug;
		};
		4EC8FBEF1BB4F6AC000B217A /* Release */ = {
			isa = XCBuildConfiguration;
			buildSettings = {
				ALWAYS_SEARCH_USER_PATHS = NO;
				CLANG_CXX_LANGUAGE_STANDARD = "gnu++0x";
				CLANG_CXX_LIBRARY = "libc++";
				CLANG_ENABLE_MODULES = YES;
				CLANG_ENABLE_OBJC_ARC = YES;
				CLANG_WARN_BOOL_CONVERSION = YES;
				CLANG_WARN_CONSTANT_CONVERSION = YES;
				CLANG_WARN_DIRECT_OBJC_ISA_USAGE = YES_ERROR;
				CLANG_WARN_EMPTY_BODY = YES;
				CLANG_WARN_ENUM_CONVERSION = YES;
				CLANG_WARN_INT_CONVERSION = YES;
				CLANG_WARN_OBJC_ROOT_CLASS = YES_ERROR;
				CLANG_WARN_UNREACHABLE_CODE = YES;
				CLANG_WARN__DUPLICATE_METHOD_MATCH = YES;
				"CODE_SIGN_IDENTITY[sdk=iphoneos*]" = "iPhone Developer";
				COPY_PHASE_STRIP = YES;
				ENABLE_NS_ASSERTIONS = NO;
				ENABLE_STRICT_OBJC_MSGSEND = YES;
				GCC_C_LANGUAGE_STANDARD = gnu99;
				GCC_WARN_64_TO_32_BIT_CONVERSION = YES;
				GCC_WARN_ABOUT_RETURN_TYPE = YES_ERROR;
				GCC_WARN_UNDECLARED_SELECTOR = YES;
				GCC_WARN_UNINITIALIZED_AUTOS = YES_AGGRESSIVE;
				GCC_WARN_UNUSED_FUNCTION = YES;
				GCC_WARN_UNUSED_VARIABLE = YES;
				IPHONEOS_DEPLOYMENT_TARGET = 8.1;
				MTL_ENABLE_DEBUG_INFO = NO;
				SDKROOT = iphoneos;
				TARGETED_DEVICE_FAMILY = "1,2";
				VALIDATE_PRODUCT = YES;
			};
			name = Release;
		};
		4EC8FBF11BB4F6AC000B217A /* Debug */ = {
			isa = XCBuildConfiguration;
			buildSettings = {
				ASSETCATALOG_COMPILER_APPICON_NAME = AppIcon;
				INFOPLIST_FILE = "自定义TabBar/Info.plist";
				LD_RUNPATH_SEARCH_PATHS = "$(inherited) @executable_path/Frameworks";
				PRODUCT_NAME = "$(TARGET_NAME)";
			};
			name = Debug;
		};
		4EC8FBF21BB4F6AC000B217A /* Release */ = {
			isa = XCBuildConfiguration;
			buildSettings = {
				ASSETCATALOG_COMPILER_APPICON_NAME = AppIcon;
				INFOPLIST_FILE = "自定义TabBar/Info.plist";
				LD_RUNPATH_SEARCH_PATHS = "$(inherited) @executable_path/Frameworks";
				PRODUCT_NAME = "$(TARGET_NAME)";
			};
			name = Release;
		};
		4EC8FBF41BB4F6AC000B217A /* Debug */ = {
			isa = XCBuildConfiguration;
			buildSettings = {
				BUNDLE_LOADER = "$(TEST_HOST)";
				FRAMEWORK_SEARCH_PATHS = (
					"$(SDKROOT)/Developer/Library/Frameworks",
					"$(inherited)",
				);
				GCC_PREPROCESSOR_DEFINITIONS = (
					"DEBUG=1",
					"$(inherited)",
				);
				INFOPLIST_FILE = "自定义TabBarTests/Info.plist";
				LD_RUNPATH_SEARCH_PATHS = "$(inherited) @executable_path/Frameworks @loader_path/Frameworks";
				PRODUCT_NAME = "$(TARGET_NAME)";
				TEST_HOST = "$(BUILT_PRODUCTS_DIR)/自定义TabBar.app/自定义TabBar";
			};
			name = Debug;
		};
		4EC8FBF51BB4F6AC000B217A /* Release */ = {
			isa = XCBuildConfiguration;
			buildSettings = {
				BUNDLE_LOADER = "$(TEST_HOST)";
				FRAMEWORK_SEARCH_PATHS = (
					"$(SDKROOT)/Developer/Library/Frameworks",
					"$(inherited)",
				);
				INFOPLIST_FILE = "自定义TabBarTests/Info.plist";
				LD_RUNPATH_SEARCH_PATHS = "$(inherited) @executable_path/Frameworks @loader_path/Frameworks";
				PRODUCT_NAME = "$(TARGET_NAME)";
				TEST_HOST = "$(BUILT_PRODUCTS_DIR)/自定义TabBar.app/自定义TabBar";
			};
			name = Release;
		};
/* End XCBuildConfiguration section */

/* Begin XCConfigurationList section */
		4EC8FBC81BB4F6AC000B217A /* Build configuration list for PBXProject "自定义TabBar" */ = {
			isa = XCConfigurationList;
			buildConfigurations = (
				4EC8FBEE1BB4F6AC000B217A /* Debug */,
				4EC8FBEF1BB4F6AC000B217A /* Release */,
			);
			defaultConfigurationIsVisible = 0;
			defaultConfigurationName = Release;
		};
		4EC8FBF01BB4F6AC000B217A /* Build configuration list for PBXNativeTarget "自定义TabBar" */ = {
			isa = XCConfigurationList;
			buildConfigurations = (
				4EC8FBF11BB4F6AC000B217A /* Debug */,
				4EC8FBF21BB4F6AC000B217A /* Release */,
			);
			defaultConfigurationIsVisible = 0;
		};
		4EC8FBF31BB4F6AC000B217A /* Build configuration list for PBXNativeTarget "自定义TabBarTests" */ = {
			isa = XCConfigurationList;
			buildConfigurations = (
				4EC8FBF41BB4F6AC000B217A /* Debug */,
				4EC8FBF51BB4F6AC000B217A /* Release */,
			);
			defaultConfigurationIsVisible = 0;
		};
/* End XCConfigurationList section */
	};
	rootObject = 4EC8FBC51BB4F6AC000B217A /* Project object */;
}
